{
  "name": "href-content",
  "version": "2.0.1",
  "lockfileVersion": 1,
  "requires": true,
  "dependencies": {
    "remote-content": {
      "version": "3.0.0",
      "requires": {
        "proxy-from-env": "^1.1.0",
        "superagent": "^7.0.2",
        "superagent-proxy": "^3.0.0"
      },
      "dependencies": {
        "@tootallnate/once": {
          "version": "1.1.2",
          "resolved": "https://registry.npmjs.org/@tootallnate/once/-/once-1.1.2.tgz",
          "integrity": "sha512-RbzJvlNzmRq5c3O09UipeuXno4tA1FE6ikOjxZK0tuxVv3412l64l5t1W5pj4+rJq9vpkm/kwiR07aZXnsKPxw=="
        },
        "agent-base": {
          "version": "6.0.2",
          "resolved": "https://registry.npmjs.org/agent-base/-/agent-base-6.0.2.tgz",
          "integrity": "sha512-RZNwNclF7+MS/8bDg70amg32dyeZGZxiDuQmZxKLAlQjr3jGyLx+4Kkk58UO7D2QdgFIQCovuSuZESne6RG6XQ==",
          "requires": {
            "debug": "4"
          }
        },
        "asap": {
          "version": "2.0.6",
          "resolved": "https://registry.npmjs.org/asap/-/asap-2.0.6.tgz",
          "integrity": "sha1-5QNHYR1+aQlDIIu9r+vLwvuGbUY="
        },
        "ast-types": {
          "version": "0.13.4",
          "resolved": "https://registry.npmjs.org/ast-types/-/ast-types-0.13.4.tgz",
          "integrity": "sha512-x1FCFnFifvYDDzTaLII71vG5uvDwgtmDTEVWAxrgeiR8VjMONcCXJx7E+USjDtHlwFmt9MysbqgF9b9Vjr6w+w==",
          "requires": {
            "tslib": "^2.0.1"
          }
        },
        "asynckit": {
          "version": "0.4.0",
          "resolved": "https://registry.npmjs.org/asynckit/-/asynckit-0.4.0.tgz",
          "integrity": "sha1-x57Zf380y48robyXkLzDZkdLS3k="
        },
        "bytes": {
          "version": "3.1.0",
          "resolved": "https://registry.npmjs.org/bytes/-/bytes-3.1.0.tgz",
          "integrity": "sha512-zauLjrfCG+xvoyaqLoV8bLVXXNGC4JqlxFCutSDWA6fJrTo2ZuvLYTqZ7aHBLZSMOopbzwv8f+wZcVzfVTI2Dg=="
        },
        "call-bind": {
          "version": "1.0.2",
          "resolved": "https://registry.npmjs.org/call-bind/-/call-bind-1.0.2.tgz",
          "integrity": "sha512-7O+FbCihrB5WGbFYesctwmTKae6rOiIzmz1icreWJ+0aA7LJfuqhEso2T9ncpcFtzMQtzXf2QGGueWJGTYsqrA==",
          "requires": {
            "function-bind": "^1.1.1",
            "get-intrinsic": "^1.0.2"
          }
        },
        "combined-stream": {
          "version": "1.0.8",
          "resolved": "https://registry.npmjs.org/combined-stream/-/combined-stream-1.0.8.tgz",
          "integrity": "sha512-FQN4MRfuJeHf7cBbBMJFXhKSDq+2kAArBlmRBvcvFE5BB1HZKXtSFASDhdlz9zOYwxh8lDdnvmMOe/+5cdoEdg==",
          "requires": {
            "delayed-stream": "~1.0.0"
          }
        },
        "component-emitter": {
          "version": "1.3.0",
          "resolved": "https://registry.npmjs.org/component-emitter/-/component-emitter-1.3.0.tgz",
          "integrity": "sha512-Rd3se6QB+sO1TwqZjscQrurpEPIfO0/yYnSin6Q/rD3mOutHvUrCAhJub3r90uNb+SESBuE0QYoB90YdfatsRg=="
        },
        "cookiejar": {
          "version": "2.1.3",
          "resolved": "https://registry.npmjs.org/cookiejar/-/cookiejar-2.1.3.tgz",
          "integrity": "sha512-JxbCBUdrfr6AQjOXrxoTvAMJO4HBTUIlBzslcJPAz+/KT8yk53fXun51u+RenNYvad/+Vc2DIz5o9UxlCDymFQ=="
        },
        "core-util-is": {
          "version": "1.0.3",
          "resolved": "https://registry.npmjs.org/core-util-is/-/core-util-is-1.0.3.tgz",
          "integrity": "sha512-ZQBvi1DcpJ4GDqanjucZ2Hj3wEO5pZDS89BWbkcrvdxksJorwUDDZamX9ldFkp9aw2lmBDLgkObEA4DWNJ9FYQ=="
        },
        "data-uri-to-buffer": {
          "version": "3.0.1",
          "resolved": "https://registry.npmjs.org/data-uri-to-buffer/-/data-uri-to-buffer-3.0.1.tgz",
          "integrity": "sha512-WboRycPNsVw3B3TL559F7kuBUM4d8CgMEvk6xEJlOp7OBPjt6G7z8WMWlD2rOFZLk6OYfFIUGsCOWzcQH9K2og=="
        },
        "debug": {
          "version": "4.2.0",
          "resolved": "https://registry.npmjs.org/debug/-/debug-4.2.0.tgz",
          "integrity": "sha512-IX2ncY78vDTjZMFUdmsvIRFY2Cf4FnD0wRs+nQwJU8Lu99/tPFdb0VybiiMTPe3I6rQmwsqQqRBvxU+bZ/I8sg==",
          "requires": {
            "ms": "2.1.2"
          }
        },
        "deep-is": {
          "version": "0.1.4",
          "resolved": "https://registry.npmjs.org/deep-is/-/deep-is-0.1.4.tgz",
          "integrity": "sha512-oIPzksmTg4/MriiaYGO+okXDT7ztn/w3Eptv/+gSIdMdKsJo0u4CfYNFJPy+4SKMuCqGw2wxnA+URMg3t8a/bQ=="
        },
        "degenerator": {
          "version": "3.0.1",
          "resolved": "https://registry.npmjs.org/degenerator/-/degenerator-3.0.1.tgz",
          "integrity": "sha512-LFsIFEeLPlKvAKXu7j3ssIG6RT0TbI7/GhsqrI0DnHASEQjXQ0LUSYcjJteGgRGmZbl1TnMSxpNQIAiJ7Du5TQ==",
          "requires": {
            "ast-types": "^0.13.2",
            "escodegen": "^1.8.1",
            "esprima": "^4.0.0",
            "vm2": "^3.9.3"
          }
        },
        "delayed-stream": {
          "version": "1.0.0",
          "resolved": "https://registry.npmjs.org/delayed-stream/-/delayed-stream-1.0.0.tgz",
          "integrity": "sha1-3zrhmayt+31ECqrgsp4icrJOxhk="
        },
        "depd": {
          "version": "1.1.2",
          "resolved": "https://registry.npmjs.org/depd/-/depd-1.1.2.tgz",
          "integrity": "sha1-m81S4UwJd2PnSbJ0xDRu0uVgtak="
        },
        "dezalgo": {
          "version": "1.0.3",
          "resolved": "https://registry.npmjs.org/dezalgo/-/dezalgo-1.0.3.tgz",
          "integrity": "sha1-f3Qt4Gb8dIvI24IFad3c5Jvw1FY=",
          "requires": {
            "asap": "^2.0.0",
            "wrappy": "1"
          }
        },
        "escodegen": {
          "version": "1.14.3",
          "resolved": "https://registry.npmjs.org/escodegen/-/escodegen-1.14.3.tgz",
          "integrity": "sha512-qFcX0XJkdg+PB3xjZZG/wKSuT1PnQWx57+TVSjIMmILd2yC/6ByYElPwJnslDsuWuSAp4AwJGumarAAmJch5Kw==",
          "requires": {
            "esprima": "^4.0.1",
            "estraverse": "^4.2.0",
            "esutils": "^2.0.2",
            "optionator": "^0.8.1",
            "source-map": "~0.6.1"
          }
        },
        "esprima": {
          "version": "4.0.1",
          "resolved": "https://registry.npmjs.org/esprima/-/esprima-4.0.1.tgz",
          "integrity": "sha512-eGuFFw7Upda+g4p+QHvnW0RyTX/SVeJBDM/gCtMARO0cLuT2HcEKnTPvhjV6aGeqrCB/sbNop0Kszm0jsaWU4A=="
        },
        "estraverse": {
          "version": "4.3.0",
          "resolved": "https://registry.npmjs.org/estraverse/-/estraverse-4.3.0.tgz",
          "integrity": "sha512-39nnKffWz8xN1BU/2c79n9nB9HDzo0niYUqx6xyqUnyoAnQyyWpOTdZEeiCch8BBu515t4wp9ZmgVfVhn9EBpw=="
        },
        "esutils": {
          "version": "2.0.3",
          "resolved": "https://registry.npmjs.org/esutils/-/esutils-2.0.3.tgz",
          "integrity": "sha512-kVscqXk4OCp68SZ0dkgEKVi6/8ij300KBWTJq32P/dYeWTSwK41WyTxalN1eRmA5Z9UU/LX9D7FWSmV9SAYx6g=="
        },
        "fast-levenshtein": {
          "version": "2.0.6",
          "resolved": "https://registry.npmjs.org/fast-levenshtein/-/fast-levenshtein-2.0.6.tgz",
          "integrity": "sha1-PYpcZog6FqMMqGQ+hR8Zuqd5eRc="
        },
        "fast-safe-stringify": {
          "version": "2.1.1",
          "resolved": "https://registry.npmjs.org/fast-safe-stringify/-/fast-safe-stringify-2.1.1.tgz",
          "integrity": "sha512-W+KJc2dmILlPplD/H4K9l9LcAHAfPtP6BY84uVLXQ6Evcz9Lcg33Y2z1IVblT6xdY54PXYVHEv+0Wpq8Io6zkA=="
        },
        "file-uri-to-path": {
          "version": "2.0.0",
          "resolved": "https://registry.npmjs.org/file-uri-to-path/-/file-uri-to-path-2.0.0.tgz",
          "integrity": "sha512-hjPFI8oE/2iQPVe4gbrJ73Pp+Xfub2+WI2LlXDbsaJBwT5wuMh35WNWVYYTpnz895shtwfyutMFLFywpQAFdLg=="
        },
        "form-data": {
          "version": "4.0.0",
          "resolved": "https://registry.npmjs.org/form-data/-/form-data-4.0.0.tgz",
          "integrity": "sha512-ETEklSGi5t0QMZuiXoA/Q6vcnxcLQP5vdugSpuAyi6SVGi2clPPp+xgEhuMaHC+zGgn31Kd235W35f7Hykkaww==",
          "requires": {
            "asynckit": "^0.4.0",
            "combined-stream": "^1.0.8",
            "mime-types": "^2.1.12"
          }
        },
        "formidable": {
          "version": "2.0.1",
          "resolved": "https://registry.npmjs.org/formidable/-/formidable-2.0.1.tgz",
          "integrity": "sha512-rjTMNbp2BpfQShhFbR3Ruk3qk2y9jKpvMW78nJgx8QKtxjDVrwbZG+wvDOmVbifHyOUOQJXxqEy6r0faRrPzTQ==",
          "requires": {
            "dezalgo": "1.0.3",
            "hexoid": "1.0.0",
            "once": "1.4.0",
            "qs": "6.9.3"
          },
          "dependencies": {
            "qs": {
              "version": "6.9.3",
              "resolved": "https://registry.npmjs.org/qs/-/qs-6.9.3.tgz",
              "integrity": "sha512-EbZYNarm6138UKKq46tdx08Yo/q9ZhFoAXAI1meAFd2GtbRDhbZY2WQSICskT0c5q99aFzLG1D4nvTk9tqfXIw=="
            }
          }
        },
        "fs-extra": {
          "version": "8.1.0",
          "resolved": "https://registry.npmjs.org/fs-extra/-/fs-extra-8.1.0.tgz",
          "integrity": "sha512-yhlQgA6mnOJUKOsRUFsgJdQCvkKhcz8tlZG5HBQfReYZy46OwLcY+Zia0mtdHsOo9y/hP+CxMN0TU9QxoOtG4g==",
          "requires": {
            "graceful-fs": "^4.2.0",
            "jsonfile": "^4.0.0",
            "universalify": "^0.1.0"
          }
        },
        "ftp": {
          "version": "0.3.10",
          "resolved": "https://registry.npmjs.org/ftp/-/ftp-0.3.10.tgz",
          "integrity": "sha1-kZfYYa2BQvPmPVqDv+TFn3MwiF0=",
          "requires": {
            "readable-stream": "1.1.x",
            "xregexp": "2.0.0"
          },
          "dependencies": {
            "readable-stream": {
              "version": "1.1.14",
              "resolved": "https://registry.npmjs.org/readable-stream/-/readable-stream-1.1.14.tgz",
              "integrity": "sha1-fPTFTvZI44EwhMY23SB54WbAgdk=",
              "requires": {
                "core-util-is": "~1.0.0",
                "inherits": "~2.0.1",
                "isarray": "0.0.1",
                "string_decoder": "~0.10.x"
              }
            },
            "string_decoder": {
              "version": "0.10.31",
              "resolved": "https://registry.npmjs.org/string_decoder/-/string_decoder-0.10.31.tgz",
              "integrity": "sha1-YuIDvEF2bGwoyfyEMB2rHFMQ+pQ="
            }
          }
        },
        "function-bind": {
          "version": "1.1.1",
          "resolved": "https://registry.npmjs.org/function-bind/-/function-bind-1.1.1.tgz",
          "integrity": "sha512-yIovAzMX49sF8Yl58fSCWJ5svSLuaibPxXQJFLmBObTuCr0Mf1KiPopGM9NiFjiYBCbfaa2Fh6breQ6ANVTI0A=="
        },
        "get-intrinsic": {
          "version": "1.1.1",
          "resolved": "https://registry.npmjs.org/get-intrinsic/-/get-intrinsic-1.1.1.tgz",
          "integrity": "sha512-kWZrnVM42QCiEA2Ig1bG8zjoIMOgxWwYCEeNdwY6Tv/cOSeGpcoX4pXHfKUxNKVoArnrEr2e9srnAxxGIraS9Q==",
          "requires": {
            "function-bind": "^1.1.1",
            "has": "^1.0.3",
            "has-symbols": "^1.0.1"
          }
        },
        "get-uri": {
          "version": "3.0.2",
          "resolved": "https://registry.npmjs.org/get-uri/-/get-uri-3.0.2.tgz",
          "integrity": "sha512-+5s0SJbGoyiJTZZ2JTpFPLMPSch72KEqGOTvQsBqg0RBWvwhWUSYZFAtz3TPW0GXJuLBJPts1E241iHg+VRfhg==",
          "requires": {
            "@tootallnate/once": "1",
            "data-uri-to-buffer": "3",
            "debug": "4",
            "file-uri-to-path": "2",
            "fs-extra": "^8.1.0",
            "ftp": "^0.3.10"
          }
        },
        "graceful-fs": {
          "version": "4.2.8",
          "resolved": "https://registry.npmjs.org/graceful-fs/-/graceful-fs-4.2.8.tgz",
          "integrity": "sha512-qkIilPUYcNhJpd33n0GBXTB1MMPp14TxEsEs0pTrsSVucApsYzW5V+Q8Qxhik6KU3evy+qkAAowTByymK0avdg=="
        },
        "has": {
          "version": "1.0.3",
          "resolved": "https://registry.npmjs.org/has/-/has-1.0.3.tgz",
          "integrity": "sha512-f2dvO0VU6Oej7RkWJGrehjbzMAjFp5/VKPp5tTpWIV4JHHZK1/BxbFRtf/siA2SWTe09caDmVtYYzWEIbBS4zw==",
          "requires": {
            "function-bind": "^1.1.1"
          }
        },
        "has-symbols": {
          "version": "1.0.2",
          "resolved": "https://registry.npmjs.org/has-symbols/-/has-symbols-1.0.2.tgz",
          "integrity": "sha512-chXa79rL/UC2KlX17jo3vRGz0azaWEx5tGqZg5pO3NUyEJVB17dMruQlzCCOfUvElghKcm5194+BCRvi2Rv/Gw=="
        },
        "hexoid": {
          "version": "1.0.0",
          "resolved": "https://registry.npmjs.org/hexoid/-/hexoid-1.0.0.tgz",
          "integrity": "sha512-QFLV0taWQOZtvIRIAdBChesmogZrtuXvVWsFHZTk2SU+anspqZ2vMnoLg7IE1+Uk16N19APic1BuF8bC8c2m5g=="
        },
        "http-errors": {
          "version": "1.7.3",
          "resolved": "https://registry.npmjs.org/http-errors/-/http-errors-1.7.3.tgz",
          "integrity": "sha512-ZTTX0MWrsQ2ZAhA1cejAwDLycFsd7I7nVtnkT3Ol0aqodaKW+0CTZDQ1uBv5whptCnc8e8HeRRJxRs0kmm/Qfw==",
          "requires": {
            "depd": "~1.1.2",
            "inherits": "2.0.4",
            "setprototypeof": "1.1.1",
            "statuses": ">= 1.5.0 < 2",
            "toidentifier": "1.0.0"
          }
        },
        "http-proxy-agent": {
          "version": "4.0.1",
          "resolved": "https://registry.npmjs.org/http-proxy-agent/-/http-proxy-agent-4.0.1.tgz",
          "integrity": "sha512-k0zdNgqWTGA6aeIRVpvfVob4fL52dTfaehylg0Y4UvSySvOq/Y+BOyPrgpUrA7HylqvU8vIZGsRuXmspskV0Tg==",
          "requires": {
            "@tootallnate/once": "1",
            "agent-base": "6",
            "debug": "4"
          }
        },
        "https-proxy-agent": {
          "version": "5.0.0",
          "resolved": "https://registry.npmjs.org/https-proxy-agent/-/https-proxy-agent-5.0.0.tgz",
          "integrity": "sha512-EkYm5BcKUGiduxzSt3Eppko+PiNWNEpa4ySk9vTC6wDsQJW9rHSa+UhGNJoRYp7bz6Ht1eaRIa6QaJqO5rCFbA==",
          "requires": {
            "agent-base": "6",
            "debug": "4"
          }
        },
        "iconv-lite": {
          "version": "0.4.24",
          "resolved": "https://registry.npmjs.org/iconv-lite/-/iconv-lite-0.4.24.tgz",
          "integrity": "sha512-v3MXnZAcvnywkTUEZomIActle7RXXeedOR31wwl7VlyoXO4Qi9arvSenNQWne1TcRwhCL1HwLI21bEqdpj8/rA==",
          "requires": {
            "safer-buffer": ">= 2.1.2 < 3"
          }
        },
        "inherits": {
          "version": "2.0.4",
          "resolved": "https://registry.npmjs.org/inherits/-/inherits-2.0.4.tgz",
          "integrity": "sha512-k/vGaX4/Yla3WzyMCvTQOXYeIHvqOKtnqBduzTHpzpQZzAskKMhZ2K+EnBiSM9zGSoIFeMpXKxa4dYeZIQqewQ=="
        },
        "ip": {
          "version": "1.1.5",
          "resolved": "https://registry.npmjs.org/ip/-/ip-1.1.5.tgz",
          "integrity": "sha1-vd7XARQpCCjAoDnnLvJfWq7ENUo="
        },
        "isarray": {
          "version": "0.0.1",
          "resolved": "https://registry.npmjs.org/isarray/-/isarray-0.0.1.tgz",
          "integrity": "sha1-ihis/Kmo9Bd+Cav8YDiTmwXR7t8="
        },
        "jsonfile": {
          "version": "4.0.0",
          "resolved": "https://registry.npmjs.org/jsonfile/-/jsonfile-4.0.0.tgz",
          "integrity": "sha1-h3Gq4HmbZAdrdmQPygWPnBDjPss=",
          "requires": {
            "graceful-fs": "^4.1.6"
          }
        },
        "levn": {
          "version": "0.3.0",
          "resolved": "https://registry.npmjs.org/levn/-/levn-0.3.0.tgz",
          "integrity": "sha1-OwmSTt+fCDwEkP3UwLxEIeBHZO4=",
          "requires": {
            "prelude-ls": "~1.1.2",
            "type-check": "~0.3.2"
          }
        },
        "lru-cache": {
          "version": "5.1.1",
          "resolved": "https://registry.npmjs.org/lru-cache/-/lru-cache-5.1.1.tgz",
          "integrity": "sha512-KpNARQA3Iwv+jTA0utUVVbrh+Jlrr1Fv0e56GGzAFOXN7dk/FviaDW8LHmK52DlcH4WP2n6gI8vN1aesBFgo9w==",
          "requires": {
            "yallist": "^3.0.2"
          }
        },
        "methods": {
          "version": "1.1.2",
          "resolved": "https://registry.npmjs.org/methods/-/methods-1.1.2.tgz",
          "integrity": "sha1-VSmk1nZUE07cxSZmVoNbD4Ua/O4="
        },
        "mime": {
          "version": "2.6.0",
          "resolved": "https://registry.npmjs.org/mime/-/mime-2.6.0.tgz",
          "integrity": "sha512-USPkMeET31rOMiarsBNIHZKLGgvKc/LrjofAnBlOttf5ajRvqiRA8QsenbcooctK6d6Ts6aqZXBA+XbkKthiQg=="
        },
        "mime-db": {
          "version": "1.51.0",
          "resolved": "https://registry.npmjs.org/mime-db/-/mime-db-1.51.0.tgz",
          "integrity": "sha512-5y8A56jg7XVQx2mbv1lu49NR4dokRnhZYTtL+KGfaa27uq4pSTXkwQkFJl4pkRMyNFz/EtYDSkiiEHx3F7UN6g=="
        },
        "mime-types": {
          "version": "2.1.34",
          "resolved": "https://registry.npmjs.org/mime-types/-/mime-types-2.1.34.tgz",
          "integrity": "sha512-6cP692WwGIs9XXdOO4++N+7qjqv0rqxxVvJ3VHPh/Sc9mVZcQP+ZGhkKiTvWMQRr2tbHkJP/Yn7Y0npb3ZBs4A==",
          "requires": {
            "mime-db": "1.51.0"
          }
        },
        "ms": {
          "version": "2.1.2",
          "resolved": "https://registry.npmjs.org/ms/-/ms-2.1.2.tgz",
          "integrity": "sha512-sGkPx+VjMtmA6MX27oA4FBFELFCZZ4S4XqeGOXCv68tT+jb3vk/RyaKWP0PTKyWtmLSM0b+adUTEvbs1PEaH2w=="
        },
        "netmask": {
          "version": "2.0.2",
          "resolved": "https://registry.npmjs.org/netmask/-/netmask-2.0.2.tgz",
          "integrity": "sha512-dBpDMdxv9Irdq66304OLfEmQ9tbNRFnFTuZiLo+bD+r332bBmMJ8GBLXklIXXgxd3+v9+KUnZaUR5PJMa75Gsg=="
        },
        "object-inspect": {
          "version": "1.12.0",
          "resolved": "https://registry.npmjs.org/object-inspect/-/object-inspect-1.12.0.tgz",
          "integrity": "sha512-Ho2z80bVIvJloH+YzRmpZVQe87+qASmBUKZDWgx9cu+KDrX2ZDH/3tMy+gXbZETVGs2M8YdxObOh7XAtim9Y0g=="
        },
        "once": {
          "version": "1.4.0",
          "resolved": "https://registry.npmjs.org/once/-/once-1.4.0.tgz",
          "integrity": "sha1-WDsap3WWHUsROsF9nFC6753Xa9E=",
          "requires": {
            "wrappy": "1"
          }
        },
        "optionator": {
          "version": "0.8.3",
          "resolved": "https://registry.npmjs.org/optionator/-/optionator-0.8.3.tgz",
          "integrity": "sha512-+IW9pACdk3XWmmTXG8m3upGUJst5XRGzxMRjXzAuJ1XnIFNvfhjjIuYkDvysnPQ7qzqVzLt78BCruntqRhWQbA==",
          "requires": {
            "deep-is": "~0.1.3",
            "fast-levenshtein": "~2.0.6",
            "levn": "~0.3.0",
            "prelude-ls": "~1.1.2",
            "type-check": "~0.3.2",
            "word-wrap": "~1.2.3"
          }
        },
        "pac-proxy-agent": {
          "version": "5.0.0",
          "resolved": "https://registry.npmjs.org/pac-proxy-agent/-/pac-proxy-agent-5.0.0.tgz",
          "integrity": "sha512-CcFG3ZtnxO8McDigozwE3AqAw15zDvGH+OjXO4kzf7IkEKkQ4gxQ+3sdF50WmhQ4P/bVusXcqNE2S3XrNURwzQ==",
          "requires": {
            "@tootallnate/once": "1",
            "agent-base": "6",
            "debug": "4",
            "get-uri": "3",
            "http-proxy-agent": "^4.0.1",
            "https-proxy-agent": "5",
            "pac-resolver": "^5.0.0",
            "raw-body": "^2.2.0",
            "socks-proxy-agent": "5"
          }
        },
        "pac-resolver": {
          "version": "5.0.0",
          "resolved": "https://registry.npmjs.org/pac-resolver/-/pac-resolver-5.0.0.tgz",
          "integrity": "sha512-H+/A6KitiHNNW+bxBKREk2MCGSxljfqRX76NjummWEYIat7ldVXRU3dhRIE3iXZ0nvGBk6smv3nntxKkzRL8NA==",
          "requires": {
            "degenerator": "^3.0.1",
            "ip": "^1.1.5",
            "netmask": "^2.0.1"
          }
        },
        "prelude-ls": {
          "version": "1.1.2",
          "resolved": "https://registry.npmjs.org/prelude-ls/-/prelude-ls-1.1.2.tgz",
          "integrity": "sha1-IZMqVJ9eUv/ZqCf1cOBL5iqX2lQ="
        },
        "proxy-agent": {
          "version": "5.0.0",
          "resolved": "https://registry.npmjs.org/proxy-agent/-/proxy-agent-5.0.0.tgz",
          "integrity": "sha512-gkH7BkvLVkSfX9Dk27W6TyNOWWZWRilRfk1XxGNWOYJ2TuedAv1yFpCaU9QSBmBe716XOTNpYNOzhysyw8xn7g==",
          "requires": {
            "agent-base": "^6.0.0",
            "debug": "4",
            "http-proxy-agent": "^4.0.0",
            "https-proxy-agent": "^5.0.0",
            "lru-cache": "^5.1.1",
            "pac-proxy-agent": "^5.0.0",
            "proxy-from-env": "^1.0.0",
            "socks-proxy-agent": "^5.0.0"
          }
        },
        "proxy-from-env": {
          "version": "1.1.0",
          "resolved": "https://registry.npmjs.org/proxy-from-env/-/proxy-from-env-1.1.0.tgz",
          "integrity": "sha512-D+zkORCbA9f1tdWRK0RaCR3GPv50cMxcrz4X8k5LTSUD1Dkw47mKJEZQNunItRTkWwgtaUSo1RVFRIG9ZXiFYg=="
        },
        "qs": {
          "version": "6.10.3",
          "resolved": "https://registry.npmjs.org/qs/-/qs-6.10.3.tgz",
          "integrity": "sha512-wr7M2E0OFRfIfJZjKGieI8lBKb7fRCH4Fv5KNPEs7gJ8jadvotdsS08PzOKR7opXhZ/Xkjtt3WF9g38drmyRqQ==",
          "requires": {
            "side-channel": "^1.0.4"
          }
        },
        "raw-body": {
          "version": "2.4.1",
          "resolved": "https://registry.npmjs.org/raw-body/-/raw-body-2.4.1.tgz",
          "integrity": "sha512-9WmIKF6mkvA0SLmA2Knm9+qj89e+j1zqgyn8aXGd7+nAduPoqgI9lO57SAZNn/Byzo5P7JhXTyg9PzaJbH73bA==",
          "requires": {
            "bytes": "3.1.0",
            "http-errors": "1.7.3",
            "iconv-lite": "0.4.24",
            "unpipe": "1.0.0"
          }
        },
        "readable-stream": {
          "version": "3.6.0",
          "resolved": "https://registry.npmjs.org/readable-stream/-/readable-stream-3.6.0.tgz",
          "integrity": "sha512-BViHy7LKeTz4oNnkcLJ+lVSL6vpiFeX6/d3oSH8zCW7UxP2onchk+vTGB143xuFjHS3deTgkKoXXymXqymiIdA==",
          "requires": {
            "inherits": "^2.0.3",
            "string_decoder": "^1.1.1",
            "util-deprecate": "^1.0.1"
          }
        },
        "safe-buffer": {
          "version": "5.2.1",
          "resolved": "https://registry.npmjs.org/safe-buffer/-/safe-buffer-5.2.1.tgz",
          "integrity": "sha512-rp3So07KcdmmKbGvgaNxQSJr7bGVSVk5S9Eq1F+ppbRo70+YeaDxkw5Dd8NPN+GD6bjnYm2VuPuCXmpuYvmCXQ=="
        },
        "safer-buffer": {
          "version": "2.1.2",
          "resolved": "https://registry.npmjs.org/safer-buffer/-/safer-buffer-2.1.2.tgz",
          "integrity": "sha512-YZo3K82SD7Riyi0E1EQPojLz7kpepnSQI9IyPbHHg1XXXevb5dJI7tpyN2ADxGcQbHG7vcyRHk0cbwqcQriUtg=="
        },
        "semver": {
          "version": "7.3.5",
          "resolved": "https://registry.npmjs.org/semver/-/semver-7.3.5.tgz",
          "integrity": "sha512-PoeGJYh8HK4BTO/a9Tf6ZG3veo/A7ZVsYrSA6J8ny9nb3B1VrpkuN+z9OE5wfE5p6H4LchYZsegiQgbJD94ZFQ==",
          "requires": {
            "lru-cache": "^6.0.0"
          },
          "dependencies": {
            "lru-cache": {
              "version": "6.0.0",
              "resolved": "https://registry.npmjs.org/lru-cache/-/lru-cache-6.0.0.tgz",
              "integrity": "sha512-Jo6dJ04CmSjuznwJSS3pUeWmd/H0ffTlkXXgwZi+eq1UCmqQwCh+eLsYOYCwY991i2Fah4h1BEMCx4qThGbsiA==",
              "requires": {
                "yallist": "^4.0.0"
              }
            },
            "yallist": {
              "version": "4.0.0",
              "resolved": "https://registry.npmjs.org/yallist/-/yallist-4.0.0.tgz",
              "integrity": "sha512-3wdGidZyq5PB084XLES5TpOSRA3wjXAlIWMhum2kRcv/41Sn2emQ0dycQW4uZXLejwKvg6EsvbdlVL+FYEct7A=="
            }
          }
        },
        "setprototypeof": {
          "version": "1.1.1",
          "resolved": "https://registry.npmjs.org/setprototypeof/-/setprototypeof-1.1.1.tgz",
          "integrity": "sha512-JvdAWfbXeIGaZ9cILp38HntZSFSo3mWg6xGcJJsd+d4aRMOqauag1C63dJfDw7OaMYwEbHMOxEZ1lqVRYP2OAw=="
        },
        "side-channel": {
          "version": "1.0.4",
          "resolved": "https://registry.npmjs.org/side-channel/-/side-channel-1.0.4.tgz",
          "integrity": "sha512-q5XPytqFEIKHkGdiMIrY10mvLRvnQh42/+GoBlFW3b2LXLE2xxJpZFdm94we0BaoV3RwJyGqg5wS7epxTv0Zvw==",
          "requires": {
            "call-bind": "^1.0.0",
            "get-intrinsic": "^1.0.2",
            "object-inspect": "^1.9.0"
          }
        },
        "smart-buffer": {
          "version": "4.2.0",
          "resolved": "https://registry.npmjs.org/smart-buffer/-/smart-buffer-4.2.0.tgz",
          "integrity": "sha512-94hK0Hh8rPqQl2xXc3HsaBoOXKV20MToPkcXvwbISWLEs+64sBq5kFgn2kJDHb1Pry9yrP0dxrCI9RRci7RXKg=="
        },
        "socks": {
          "version": "2.6.1",
          "resolved": "https://registry.npmjs.org/socks/-/socks-2.6.1.tgz",
          "integrity": "sha512-kLQ9N5ucj8uIcxrDwjm0Jsqk06xdpBjGNQtpXy4Q8/QY2k+fY7nZH8CARy+hkbG+SGAovmzzuauCpBlb8FrnBA==",
          "requires": {
            "ip": "^1.1.5",
            "smart-buffer": "^4.1.0"
          }
        },
        "socks-proxy-agent": {
          "version": "5.0.1",
          "resolved": "https://registry.npmjs.org/socks-proxy-agent/-/socks-proxy-agent-5.0.1.tgz",
          "integrity": "sha512-vZdmnjb9a2Tz6WEQVIurybSwElwPxMZaIc7PzqbJTrezcKNznv6giT7J7tZDZ1BojVaa1jvO/UiUdhDVB0ACoQ==",
          "requires": {
            "agent-base": "^6.0.2",
            "debug": "4",
            "socks": "^2.3.3"
          }
        },
        "source-map": {
          "version": "0.6.1",
          "resolved": "https://registry.npmjs.org/source-map/-/source-map-0.6.1.tgz",
          "integrity": "sha512-UjgapumWlbMhkBgzT7Ykc5YXUT46F0iKu8SGXq0bcwP5dz/h0Plj6enJqjz1Zbq2l5WaqYnrVbwWOWMyF3F47g==",
          "optional": true
        },
        "statuses": {
          "version": "1.5.0",
          "resolved": "https://registry.npmjs.org/statuses/-/statuses-1.5.0.tgz",
          "integrity": "sha1-Fhx9rBd2Wf2YEfQ3cfqZOBR4Yow="
        },
        "string_decoder": {
          "version": "1.3.0",
          "resolved": "https://registry.npmjs.org/string_decoder/-/string_decoder-1.3.0.tgz",
          "integrity": "sha512-hkRX8U1WjJFd8LsDJ2yQ/wWWxaopEsABU1XfkM8A+j0+85JAGppt16cr1Whg6KIbb4okU6Mql6BOj+uup/wKeA==",
          "requires": {
            "safe-buffer": "~5.2.0"
          }
        },
        "superagent": {
          "version": "7.0.2",
          "resolved": "https://registry.npmjs.org/superagent/-/superagent-7.0.2.tgz",
          "integrity": "sha512-2Kx35bZxLLJMBKtuXezxvD0aZQ7l923VwoCn7EtUx+aFxdG7co7PeRIddfrNtvvMuGaLZXA0mKzX+yWRhjrJ7A==",
          "requires": {
            "component-emitter": "^1.3.0",
            "cookiejar": "^2.1.3",
            "debug": "^4.3.3",
            "fast-safe-stringify": "^2.1.1",
            "form-data": "^4.0.0",
            "formidable": "^2.0.1",
            "methods": "^1.1.2",
            "mime": "^2.5.0",
            "qs": "^6.10.1",
            "readable-stream": "^3.6.0",
            "semver": "^7.3.5"
          },
          "dependencies": {
            "debug": {
              "version": "4.3.3",
              "resolved": "https://registry.npmjs.org/debug/-/debug-4.3.3.tgz",
              "integrity": "sha512-/zxw5+vh1Tfv+4Qn7a5nsbcJKPaSvCDhojn6FEl9vupwK2VCSDtEiEtqr8DFtzYFOdz63LBkxec7DYuc2jon6Q==",
              "requires": {
                "ms": "2.1.2"
              }
            }
          }
        },
        "superagent-proxy": {
          "version": "3.0.0",
          "resolved": "https://registry.npmjs.org/superagent-proxy/-/superagent-proxy-3.0.0.tgz",
          "integrity": "sha512-wAlRInOeDFyd9pyonrkJspdRAxdLrcsZ6aSnS+8+nu4x1aXbz6FWSTT9M6Ibze+eG60szlL7JA8wEIV7bPWuyQ==",
          "requires": {
            "debug": "^4.3.2",
            "proxy-agent": "^5.0.0"
          },
          "dependencies": {
            "debug": {
              "version": "4.3.2",
              "resolved": "https://registry.npmjs.org/debug/-/debug-4.3.2.tgz",
              "integrity": "sha512-mOp8wKcvj7XxC78zLgw/ZA+6TSgkoE2C/ienthhRD298T7UNwAg9diBpLRxC0mOezLl4B0xV7M0cCO6P/O0Xhw==",
              "requires": {
                "ms": "2.1.2"
              }
            }
          }
        },
        "toidentifier": {
          "version": "1.0.0",
          "resolved": "https://registry.npmjs.org/toidentifier/-/toidentifier-1.0.0.tgz",
          "integrity": "sha512-yaOH/Pk/VEhBWWTlhI+qXxDFXlejDGcQipMlyxda9nthulaxLZUNcUqFxokp0vcYnvteJln5FNQDRrxj3YcbVw=="
        },
        "tslib": {
          "version": "2.3.1",
          "resolved": "https://registry.npmjs.org/tslib/-/tslib-2.3.1.tgz",
          "integrity": "sha512-77EbyPPpMz+FRFRuAFlWMtmgUWGe9UOG2Z25NqCwiIjRhOf5iKGuzSe5P2w1laq+FkRy4p+PCuVkJSGkzTEKVw=="
        },
        "type-check": {
          "version": "0.3.2",
          "resolved": "https://registry.npmjs.org/type-check/-/type-check-0.3.2.tgz",
          "integrity": "sha1-WITKtRLPHTVeP7eE8wgEsrUg23I=",
          "requires": {
            "prelude-ls": "~1.1.2"
          }
        },
        "universalify": {
          "version": "0.1.2",
          "resolved": "https://registry.npmjs.org/universalify/-/universalify-0.1.2.tgz",
          "integrity": "sha512-rBJeI5CXAlmy1pV+617WB9J63U6XcazHHF2f2dbJix4XzpUF0RS3Zbj0FGIOCAva5P/d/GBOYaACQ1w+0azUkg=="
        },
        "unpipe": {
          "version": "1.0.0",
          "resolved": "https://registry.npmjs.org/unpipe/-/unpipe-1.0.0.tgz",
          "integrity": "sha1-sr9O6FFKrmFltIF4KdIbLvSZBOw="
        },
        "util-deprecate": {
          "version": "1.0.2",
          "resolved": "https://registry.npmjs.org/util-deprecate/-/util-deprecate-1.0.2.tgz",
          "integrity": "sha1-RQ1Nyfpw3nMnYvvS1KKJgUGaDM8="
        },
        "vm2": {
          "version": "3.9.4",
          "resolved": "https://registry.npmjs.org/vm2/-/vm2-3.9.4.tgz",
          "integrity": "sha512-sOdharrJ7KEePIpHekiWaY1DwgueuiBeX/ZBJUPgETsVlJsXuEx0K0/naATq2haFvJrvZnRiORQRubR0b7Ye6g=="
        },
        "word-wrap": {
          "version": "1.2.3",
          "resolved": "https://registry.npmjs.org/word-wrap/-/word-wrap-1.2.3.tgz",
          "integrity": "sha512-Hz/mrNwitNRh/HUAtM/VT/5VH+ygD6DV7mYKZAtHOrbs8U7lvPS6xf7EJKMF0uW1KJCl0H701g3ZGus+muE5vQ=="
        },
        "wrappy": {
          "version": "1.0.2",
          "resolved": "https://registry.npmjs.org/wrappy/-/wrappy-1.0.2.tgz",
          "integrity": "sha1-tSQ9jz7BqjXxNkYFvA0QNuMKtp8="
        },
        "xregexp": {
          "version": "2.0.0",
          "resolved": "https://registry.npmjs.org/xregexp/-/xregexp-2.0.0.tgz",
          "integrity": "sha1-UqY+VsoLhKfzpfPWGHLxJq16WUM="
        },
        "yallist": {
          "version": "3.1.1",
          "resolved": "https://registry.npmjs.org/yallist/-/yallist-3.1.1.tgz",
          "integrity": "sha512-a4UGQaWPH59mOXUYnAG2ewncQS4i4F43Tv3JoAM+s2VDAmS9NsK8GpDMLrCHPksFT7h3K6TOoUNn2pb7RoXx4g=="
        }
      }
    }
  }
}
