{
	"name": "mediaquery-text",
	"version": "1.1.5",
	"lockfileVersion": 1,
	"requires": true,
	"dependencies": {
		"cssom": {
			"version": "0.4.4",
			"resolved": "https://registry.npmjs.org/cssom/-/cssom-0.4.4.tgz",
			"integrity": "sha512-p3pvU7r1MyyqbTk+WbNJIgJjG2VmTIaB10rI93LzVPrmDJKkzKYMtxxyAvQXR/NS6otuzveI7+7BBq3SjBS2mw=="
		}
	}
}
